
Microsoft Visual Studio Solution File, Format Version 12.00
# Visual Studio 15
VisualStudioVersion = 15.0.27428.2043
MinimumVisualStudioVersion = 10.0.40219.1
Project("{FAE04EC0-301F-11D3-BF4B-00C04F79EFBC}") = "Clinic4", "Clinic4\Clinic4.csproj", "{A151A030-097F-4DC0-825F-D98C93D038BE}"
EndProject
Global
	GlobalSection(SolutionConfigurationPlatforms) = preSolution
		Debug|Any CPU = Debug|Any CPU
		Release|Any CPU = Release|Any CPU
	EndGlobalSection
	GlobalSection(ProjectConfigurationPlatforms) = postSolution
		{A151A030-097F-4DC0-825F-D98C93D038BE}.Debug|Any CPU.ActiveCfg = Debug|Any CPU
		{A151A030-097F-4DC0-825F-D98C93D038BE}.Debug|Any CPU.Build.0 = Debug|Any CPU
		{A151A030-097F-4DC0-825F-D98C93D038BE}.Release|Any CPU.ActiveCfg = Release|Any CPU
		{A151A030-097F-4DC0-825F-D98C93D038BE}.Release|Any CPU.Build.0 = Release|Any CPU
	EndGlobalSection
	GlobalSection(SolutionProperties) = preSolution
		HideSolutionNode = FALSE
	EndGlobalSection
	GlobalSection(ExtensibilityGlobals) = postSolution
		SolutionGuid = {3B31903A-E204-447E-89B2-68EF78D2F7B0}
	EndGlobalSection
EndGlobal
